
Microsoft Visual Studio Solution File, Format Version 12.00
# Visual Studio Version 17
VisualStudioVersion = 17.2.32630.192
MinimumVisualStudioVersion = 10.0.40219.1
Project("{8BC9CEB8-8B4A-11D0-8D11-00A0C91BC942}") = "GestionArchivos", "GestionArchivos.vcxproj", "{522E7A0E-020B-44B0-883B-B37DFE5BDFEB}"
EndProject
Global
	GlobalSection(SolutionConfigurationPlatforms) = preSolution
		Debug|x64 = Debug|x64
		Debug|x86 = Debug|x86
		Release|x64 = Release|x64
		Release|x86 = Release|x86
	EndGlobalSection
	GlobalSection(ProjectConfigurationPlatforms) = postSolution
		{522E7A0E-020B-44B0-883B-B37DFE5BDFEB}.Debug|x64.ActiveCfg = Debug|x64
		{522E7A0E-020B-44B0-883B-B37DFE5BDFEB}.Debug|x64.Build.0 = Debug|x64
		{522E7A0E-020B-44B0-883B-B37DFE5BDFEB}.Debug|x86.ActiveCfg = Debug|Win32
		{522E7A0E-020B-44B0-883B-B37DFE5BDFEB}.Debug|x86.Build.0 = Debug|Win32
		{522E7A0E-020B-44B0-883B-B37DFE5BDFEB}.Release|x64.ActiveCfg = Release|x64
		{522E7A0E-020B-44B0-883B-B37DFE5BDFEB}.Release|x64.Build.0 = Release|x64
		{522E7A0E-020B-44B0-883B-B37DFE5BDFEB}.Release|x86.ActiveCfg = Release|Win32
		{522E7A0E-020B-44B0-883B-B37DFE5BDFEB}.Release|x86.Build.0 = Release|Win32
	EndGlobalSection
	GlobalSection(SolutionProperties) = preSolution
		HideSolutionNode = FALSE
	EndGlobalSection
	GlobalSection(ExtensibilityGlobals) = postSolution
		SolutionGuid = {2D146D10-9EA1-4882-A06B-620CB38E3DA4}
	EndGlobalSection
EndGlobal
